
Microsoft Visual Studio Solution File, Format Version 12.00
# Visual Studio Version 17
VisualStudioVersion = 17.0.31903.59
MinimumVisualStudioVersion = 10.0.40219.1
Project("{2150E333-8FDC-42A3-9474-1A3956D46DE8}") = "src", "src", "{827E0CD3-B72D-47B6-A68D-7590B98EB39B}"
EndProject
Project("{FAE04EC0-301F-11D3-BF4B-00C04F79EFBC}") = "Stretto.Domain", "src\Stretto.Domain\Stretto.Domain.csproj", "{A95C0631-77FE-4000-8B29-54C5B688E038}"
EndProject
Project("{FAE04EC0-301F-11D3-BF4B-00C04F79EFBC}") = "Stretto.Application", "src\Stretto.Application\Stretto.Application.csproj", "{50AFB817-90D2-4D48-AFF7-16EF00E93A1A}"
EndProject
Global
	GlobalSection(SolutionConfigurationPlatforms) = preSolution
		Debug|Any CPU = Debug|Any CPU
		Debug|x64 = Debug|x64
		Debug|x86 = Debug|x86
		Release|Any CPU = Release|Any CPU
		Release|x64 = Release|x64
		Release|x86 = Release|x86
	EndGlobalSection
	GlobalSection(ProjectConfigurationPlatforms) = postSolution
		{A95C0631-77FE-4000-8B29-54C5B688E038}.Debug|Any CPU.ActiveCfg = Debug|Any CPU
		{A95C0631-77FE-4000-8B29-54C5B688E038}.Debug|Any CPU.Build.0 = Debug|Any CPU
		{A95C0631-77FE-4000-8B29-54C5B688E038}.Debug|x64.ActiveCfg = Debug|Any CPU
		{A95C0631-77FE-4000-8B29-54C5B688E038}.Debug|x64.Build.0 = Debug|Any CPU
		{A95C0631-77FE-4000-8B29-54C5B688E038}.Debug|x86.ActiveCfg = Debug|Any CPU
		{A95C0631-77FE-4000-8B29-54C5B688E038}.Debug|x86.Build.0 = Debug|Any CPU
		{A95C0631-77FE-4000-8B29-54C5B688E038}.Release|Any CPU.ActiveCfg = Release|Any CPU
		{A95C0631-77FE-4000-8B29-54C5B688E038}.Release|Any CPU.Build.0 = Release|Any CPU
		{A95C0631-77FE-4000-8B29-54C5B688E038}.Release|x64.ActiveCfg = Release|Any CPU
		{A95C0631-77FE-4000-8B29-54C5B688E038}.Release|x64.Build.0 = Release|Any CPU
		{A95C0631-77FE-4000-8B29-54C5B688E038}.Release|x86.ActiveCfg = Release|Any CPU
		{A95C0631-77FE-4000-8B29-54C5B688E038}.Release|x86.Build.0 = Release|Any CPU
		{50AFB817-90D2-4D48-AFF7-16EF00E93A1A}.Debug|Any CPU.ActiveCfg = Debug|Any CPU
		{50AFB817-90D2-4D48-AFF7-16EF00E93A1A}.Debug|Any CPU.Build.0 = Debug|Any CPU
		{50AFB817-90D2-4D48-AFF7-16EF00E93A1A}.Debug|x64.ActiveCfg = Debug|Any CPU
		{50AFB817-90D2-4D48-AFF7-16EF00E93A1A}.Debug|x64.Build.0 = Debug|Any CPU
		{50AFB817-90D2-4D48-AFF7-16EF00E93A1A}.Debug|x86.ActiveCfg = Debug|Any CPU
		{50AFB817-90D2-4D48-AFF7-16EF00E93A1A}.Debug|x86.Build.0 = Debug|Any CPU
		{50AFB817-90D2-4D48-AFF7-16EF00E93A1A}.Release|Any CPU.ActiveCfg = Release|Any CPU
		{50AFB817-90D2-4D48-AFF7-16EF00E93A1A}.Release|Any CPU.Build.0 = Release|Any CPU
		{50AFB817-90D2-4D48-AFF7-16EF00E93A1A}.Release|x64.ActiveCfg = Release|Any CPU
		{50AFB817-90D2-4D48-AFF7-16EF00E93A1A}.Release|x64.Build.0 = Release|Any CPU
		{50AFB817-90D2-4D48-AFF7-16EF00E93A1A}.Release|x86.ActiveCfg = Release|Any CPU
		{50AFB817-90D2-4D48-AFF7-16EF00E93A1A}.Release|x86.Build.0 = Release|Any CPU
	EndGlobalSection
	GlobalSection(SolutionProperties) = preSolution
		HideSolutionNode = FALSE
	EndGlobalSection
	GlobalSection(NestedProjects) = preSolution
		{A95C0631-77FE-4000-8B29-54C5B688E038} = {827E0CD3-B72D-47B6-A68D-7590B98EB39B}
		{50AFB817-90D2-4D48-AFF7-16EF00E93A1A} = {827E0CD3-B72D-47B6-A68D-7590B98EB39B}
	EndGlobalSection
EndGlobal
